// !$*UTF8*$!
{
	archiveVersion = 1;
	classes = {
	};
	objectVersion = 56;
	objects = {

/* Begin PBXBuildFile section */
		7F48B3D92C5FA608006CCB29 /* ListenScreenUIIntegrationTests.swift in Sources */ = {isa = PBXBuildFile; fileRef = 7F48B3D82C5FA608006CCB29 /* ListenScreenUIIntegrationTests.swift */; };
		7F48B3DC2C5FAFA7006CCB29 /* ViewInspector in Frameworks */ = {isa = PBXBuildFile; productRef = 7F48B3DB2C5FAFA7006CCB29 /* ViewInspector */; };
		7F48B3E72C601DC8006CCB29 /* test_sliderView_empty.400_200_pixels_light.png in Resources */ = {isa = PBXBuildFile; fileRef = 7F48B3E52C601DC8006CCB29 /* test_sliderView_empty.400_200_pixels_light.png */; };
		7F48B3E82C601DC8006CCB29 /* test_sliderView_empty.400_200_pixels_dark.png in Resources */ = {isa = PBXBuildFile; fileRef = 7F48B3E62C601DC8006CCB29 /* test_sliderView_empty.400_200_pixels_dark.png */; };
		7F48B3EA2C601FB6006CCB29 /* Book.swift in Sources */ = {isa = PBXBuildFile; fileRef = 7F48B3E92C601FB6006CCB29 /* Book.swift */; };
		7F48B3EC2C602898006CCB29 /* Mocks.swift in Sources */ = {isa = PBXBuildFile; fileRef = 7F48B3EB2C602898006CCB29 /* Mocks.swift */; };
		7F48B3EE2C602F25006CCB29 /* think_and_grow_rich_book_cover.jpg in Resources */ = {isa = PBXBuildFile; fileRef = 7F48B3ED2C602F25006CCB29 /* think_and_grow_rich_book_cover.jpg */; };
		7F48B3F02C60AB24006CCB29 /* SpeedChangeView.swift in Sources */ = {isa = PBXBuildFile; fileRef = 7F48B3EF2C60AB24006CCB29 /* SpeedChangeView.swift */; };
		7F48B3F32C60AD8D006CCB29 /* test_speedChangeView.300_200_pixels_dark.png in Resources */ = {isa = PBXBuildFile; fileRef = 7F48B3F12C60AD8D006CCB29 /* test_speedChangeView.300_200_pixels_dark.png */; };
		7F48B3F42C60AD8D006CCB29 /* test_speedChangeView.300_200_pixels_light.png in Resources */ = {isa = PBXBuildFile; fileRef = 7F48B3F22C60AD8D006CCB29 /* test_speedChangeView.300_200_pixels_light.png */; };
		7F48B3FE2C60D94D006CCB29 /* test_listenMode_empty.iphone13PRO_dark.png in Resources */ = {isa = PBXBuildFile; fileRef = 7F48B3F92C60D94D006CCB29 /* test_listenMode_empty.iphone13PRO_dark.png */; };
		7F48B3FF2C60D94D006CCB29 /* test_listenMode_empty.iphone13PRO_light.png in Resources */ = {isa = PBXBuildFile; fileRef = 7F48B3FA2C60D94D006CCB29 /* test_listenMode_empty.iphone13PRO_light.png */; };
		7F48B4002C60D94D006CCB29 /* test_ReadMode_empty.iphone13PRO_dark.png in Resources */ = {isa = PBXBuildFile; fileRef = 7F48B3FB2C60D94D006CCB29 /* test_ReadMode_empty.iphone13PRO_dark.png */; };
		7F48B4012C60D94D006CCB29 /* test_ReadMode_empty.iphone13PRO_light.png in Resources */ = {isa = PBXBuildFile; fileRef = 7F48B3FC2C60D94D006CCB29 /* test_ReadMode_empty.iphone13PRO_light.png */; };
		7F48B4042C60D9E2006CCB29 /* test_playbackControlView.300_200_pixels_light.png in Resources */ = {isa = PBXBuildFile; fileRef = 7F48B4022C60D9E2006CCB29 /* test_playbackControlView.300_200_pixels_light.png */; };
		7F48B4052C60D9E2006CCB29 /* test_playbackControlView.300_200_pixels_dark.png in Resources */ = {isa = PBXBuildFile; fileRef = 7F48B4032C60D9E2006CCB29 /* test_playbackControlView.300_200_pixels_dark.png */; };
		7F8780862C5D7CAF00B12A36 /* BookListenerApp.swift in Sources */ = {isa = PBXBuildFile; fileRef = 7F8780852C5D7CAF00B12A36 /* BookListenerApp.swift */; };
		7F87808A2C5D7CB000B12A36 /* Assets.xcassets in Resources */ = {isa = PBXBuildFile; fileRef = 7F8780892C5D7CB000B12A36 /* Assets.xcassets */; };
		7F87808D2C5D7CB000B12A36 /* Preview Assets.xcassets in Resources */ = {isa = PBXBuildFile; fileRef = 7F87808C2C5D7CB000B12A36 /* Preview Assets.xcassets */; };
		7F8780D22C5D94B200B12A36 /* BookListenerSnapshotTests.swift in Sources */ = {isa = PBXBuildFile; fileRef = 7F8780D12C5D94B200B12A36 /* BookListenerSnapshotTests.swift */; };
		7F8780DA2C5E0BE900B12A36 /* InlineSnapshotTesting in Frameworks */ = {isa = PBXBuildFile; productRef = 7F8780D92C5E0BE900B12A36 /* InlineSnapshotTesting */; };
		7F8780DC2C5E0BE900B12A36 /* SnapshotTesting in Frameworks */ = {isa = PBXBuildFile; productRef = 7F8780DB2C5E0BE900B12A36 /* SnapshotTesting */; };
		7F8780E72C5E357600B12A36 /* SnapshotTestsHelpers.swift in Sources */ = {isa = PBXBuildFile; fileRef = 7F8780E62C5E357600B12A36 /* SnapshotTestsHelpers.swift */; };
		7F8780F82C5E406200B12A36 /* PlaybackControlView.swift in Sources */ = {isa = PBXBuildFile; fileRef = 7F8780F72C5E406200B12A36 /* PlaybackControlView.swift */; };
		7F8781142C5E54A000B12A36 /* PlaybackControlViewButtonStyle.swift in Sources */ = {isa = PBXBuildFile; fileRef = 7F8781132C5E54A000B12A36 /* PlaybackControlViewButtonStyle.swift */; };
		7F8781162C5E54BD00B12A36 /* PlaybackControlViewRole.swift in Sources */ = {isa = PBXBuildFile; fileRef = 7F8781152C5E54BD00B12A36 /* PlaybackControlViewRole.swift */; };
		7F87811C2C5E5C2700B12A36 /* SliderView.swift in Sources */ = {isa = PBXBuildFile; fileRef = 7F87811B2C5E5C2700B12A36 /* SliderView.swift */; };
		7F8781202C5E673500B12A36 /* RoundingPrecision.swift in Sources */ = {isa = PBXBuildFile; fileRef = 7F87811F2C5E673500B12A36 /* RoundingPrecision.swift */; };
		7F87812F2C5E95F400B12A36 /* ListenScreenView.swift in Sources */ = {isa = PBXBuildFile; fileRef = 7F87812E2C5E95F400B12A36 /* ListenScreenView.swift */; };
		7F8781322C5E983F00B12A36 /* CoverImageView.swift in Sources */ = {isa = PBXBuildFile; fileRef = 7F8781312C5E983F00B12A36 /* CoverImageView.swift */; };
		7F8781342C5E987C00B12A36 /* ChapterInfoView.swift in Sources */ = {isa = PBXBuildFile; fileRef = 7F8781332C5E987C00B12A36 /* ChapterInfoView.swift */; };
		7F8781362C5EAFC900B12A36 /* ToggleView.swift in Sources */ = {isa = PBXBuildFile; fileRef = 7F8781352C5EAFC900B12A36 /* ToggleView.swift */; };
		7F8781392C5EAFF600B12A36 /* ListenScreenMode.swift in Sources */ = {isa = PBXBuildFile; fileRef = 7F8781382C5EAFF600B12A36 /* ListenScreenMode.swift */; };
		7F87813E2C5F570800B12A36 /* test_toggleView_listenMode.400_200_pixels_dark.png in Resources */ = {isa = PBXBuildFile; fileRef = 7F87813A2C5F570800B12A36 /* test_toggleView_listenMode.400_200_pixels_dark.png */; };
		7F87813F2C5F570800B12A36 /* test_toggleView_listenMode.400_200_pixels_light.png in Resources */ = {isa = PBXBuildFile; fileRef = 7F87813B2C5F570800B12A36 /* test_toggleView_listenMode.400_200_pixels_light.png */; };
		7F8781402C5F570800B12A36 /* test_toggleView_readMode.400_200_pixels_dark.png in Resources */ = {isa = PBXBuildFile; fileRef = 7F87813C2C5F570800B12A36 /* test_toggleView_readMode.400_200_pixels_dark.png */; };
		7F8781412C5F570800B12A36 /* test_toggleView_readMode.400_200_pixels_light.png in Resources */ = {isa = PBXBuildFile; fileRef = 7F87813D2C5F570800B12A36 /* test_toggleView_readMode.400_200_pixels_light.png */; };
		7F87814F2C5F5EF600B12A36 /* ListenScreenSnapshotTests.swift in Sources */ = {isa = PBXBuildFile; fileRef = 7F87814E2C5F5EF600B12A36 /* ListenScreenSnapshotTests.swift */; };
		7F87815B2C5F64F900B12A36 /* test_chapterInfoView.300_200_pixels_light.png in Resources */ = {isa = PBXBuildFile; fileRef = 7F8781592C5F64F900B12A36 /* test_chapterInfoView.300_200_pixels_light.png */; };
		7F87815C2C5F64F900B12A36 /* test_chapterInfoView.300_200_pixels_dark.png in Resources */ = {isa = PBXBuildFile; fileRef = 7F87815A2C5F64F900B12A36 /* test_chapterInfoView.300_200_pixels_dark.png */; };
		7F87815E2C5F659500B12A36 /* test_coverImageView.200_300_pixels_dark.png in Resources */ = {isa = PBXBuildFile; fileRef = 7F87815D2C5F659500B12A36 /* test_coverImageView.200_300_pixels_dark.png */; };
		7F8781602C5F65BA00B12A36 /* test_coverImageView.200_300_pixels_light.png in Resources */ = {isa = PBXBuildFile; fileRef = 7F87815F2C5F65BA00B12A36 /* test_coverImageView.200_300_pixels_light.png */; };
		7F87816A2C5F69BA00B12A36 /* ListenScreenViewModelTests.swift in Sources */ = {isa = PBXBuildFile; fileRef = 7F8781692C5F69BA00B12A36 /* ListenScreenViewModelTests.swift */; };
		7F8781742C5F859E00B12A36 /* 00 Introduction.mp3 in Resources */ = {isa = PBXBuildFile; fileRef = 7F87816D2C5F859E00B12A36 /* 00 Introduction.mp3 */; };
		7F8781752C5F859E00B12A36 /* 01 Chapter 1.mp3 in Resources */ = {isa = PBXBuildFile; fileRef = 7F87816E2C5F859E00B12A36 /* 01 Chapter 1.mp3 */; };
		7F8781762C5F859E00B12A36 /* 02 Chapter 2.mp3 in Resources */ = {isa = PBXBuildFile; fileRef = 7F87816F2C5F859E00B12A36 /* 02 Chapter 2.mp3 */; };
		7F8781772C5F859E00B12A36 /* 03 Chapter 3.mp3 in Resources */ = {isa = PBXBuildFile; fileRef = 7F8781702C5F859E00B12A36 /* 03 Chapter 3.mp3 */; };
		7F8781782C5F859E00B12A36 /* 04 Chapter 4.mp3 in Resources */ = {isa = PBXBuildFile; fileRef = 7F8781712C5F859E00B12A36 /* 04 Chapter 4.mp3 */; };
		7F8781792C5F859E00B12A36 /* 05 Chapter 5.mp3 in Resources */ = {isa = PBXBuildFile; fileRef = 7F8781722C5F859E00B12A36 /* 05 Chapter 5.mp3 */; };
		7F87817F2C5F970000B12A36 /* AudioViewModelProtocol.swift in Sources */ = {isa = PBXBuildFile; fileRef = 7F87817E2C5F970000B12A36 /* AudioViewModelProtocol.swift */; };
		7F8781812C5F971800B12A36 /* AudioViewModel.swift in Sources */ = {isa = PBXBuildFile; fileRef = 7F8781802C5F971800B12A36 /* AudioViewModel.swift */; };
		7F8781852C5F973E00B12A36 /* Chapter.swift in Sources */ = {isa = PBXBuildFile; fileRef = 7F8781842C5F973E00B12A36 /* Chapter.swift */; };
		7F8781872C5F975200B12A36 /* Array+Extensions.swift in Sources */ = {isa = PBXBuildFile; fileRef = 7F8781862C5F975200B12A36 /* Array+Extensions.swift */; };
		7F8781892C5F99CE00B12A36 /* ListenScreenViewModel.swift in Sources */ = {isa = PBXBuildFile; fileRef = 7F8781882C5F99CE00B12A36 /* ListenScreenViewModel.swift */; };
		7F87818B2C5F99D800B12A36 /* ListenScreenViewModelProtocol.swift in Sources */ = {isa = PBXBuildFile; fileRef = 7F87818A2C5F99D800B12A36 /* ListenScreenViewModelProtocol.swift */; };
		7F87818D2C5F9AA100B12A36 /* AudioViewModelAVFoundationIntegrationTests.swift in Sources */ = {isa = PBXBuildFile; fileRef = 7F87818C2C5F9AA100B12A36 /* AudioViewModelAVFoundationIntegrationTests.swift */; };
/* End PBXBuildFile section */

/* Begin PBXContainerItemProxy section */
		7F8780C62C5D93A000B12A36 /* PBXContainerItemProxy */ = {
			isa = PBXContainerItemProxy;
			containerPortal = 7F87807A2C5D7CAF00B12A36 /* Project object */;
			proxyType = 1;
			remoteGlobalIDString = 7F8780812C5D7CAF00B12A36;
			remoteInfo = BookListener;
		};
/* End PBXContainerItemProxy section */

/* Begin PBXFileReference section */
		7F48B3D82C5FA608006CCB29 /* ListenScreenUIIntegrationTests.swift */ = {isa = PBXFileReference; lastKnownFileType = sourcecode.swift; path = ListenScreenUIIntegrationTests.swift; sourceTree = "<group>"; };
		7F48B3E52C601DC8006CCB29 /* test_sliderView_empty.400_200_pixels_light.png */ = {isa = PBXFileReference; lastKnownFileType = image.png; path = test_sliderView_empty.400_200_pixels_light.png; sourceTree = "<group>"; };
		7F48B3E62C601DC8006CCB29 /* test_sliderView_empty.400_200_pixels_dark.png */ = {isa = PBXFileReference; lastKnownFileType = image.png; path = test_sliderView_empty.400_200_pixels_dark.png; sourceTree = "<group>"; };
		7F48B3E92C601FB6006CCB29 /* Book.swift */ = {isa = PBXFileReference; lastKnownFileType = sourcecode.swift; path = Book.swift; sourceTree = "<group>"; };
		7F48B3EB2C602898006CCB29 /* Mocks.swift */ = {isa = PBXFileReference; lastKnownFileType = sourcecode.swift; path = Mocks.swift; sourceTree = "<group>"; };
		7F48B3ED2C602F25006CCB29 /* think_and_grow_rich_book_cover.jpg */ = {isa = PBXFileReference; lastKnownFileType = image.jpeg; path = think_and_grow_rich_book_cover.jpg; sourceTree = "<group>"; };
		7F48B3EF2C60AB24006CCB29 /* SpeedChangeView.swift */ = {isa = PBXFileReference; lastKnownFileType = sourcecode.swift; path = SpeedChangeView.swift; sourceTree = "<group>"; };
		7F48B3F12C60AD8D006CCB29 /* test_speedChangeView.300_200_pixels_dark.png */ = {isa = PBXFileReference; lastKnownFileType = image.png; path = test_speedChangeView.300_200_pixels_dark.png; sourceTree = "<group>"; };
		7F48B3F22C60AD8D006CCB29 /* test_speedChangeView.300_200_pixels_light.png */ = {isa = PBXFileReference; lastKnownFileType = image.png; path = test_speedChangeView.300_200_pixels_light.png; sourceTree = "<group>"; };
		7F48B3F92C60D94D006CCB29 /* test_listenMode_empty.iphone13PRO_dark.png */ = {isa = PBXFileReference; lastKnownFileType = image.png; path = test_listenMode_empty.iphone13PRO_dark.png; sourceTree = "<group>"; };
		7F48B3FA2C60D94D006CCB29 /* test_listenMode_empty.iphone13PRO_light.png */ = {isa = PBXFileReference; lastKnownFileType = image.png; path = test_listenMode_empty.iphone13PRO_light.png; sourceTree = "<group>"; };
		7F48B3FB2C60D94D006CCB29 /* test_ReadMode_empty.iphone13PRO_dark.png */ = {isa = PBXFileReference; lastKnownFileType = image.png; path = test_ReadMode_empty.iphone13PRO_dark.png; sourceTree = "<group>"; };
		7F48B3FC2C60D94D006CCB29 /* test_ReadMode_empty.iphone13PRO_light.png */ = {isa = PBXFileReference; lastKnownFileType = image.png; path = test_ReadMode_empty.iphone13PRO_light.png; sourceTree = "<group>"; };
		7F48B4022C60D9E2006CCB29 /* test_playbackControlView.300_200_pixels_light.png */ = {isa = PBXFileReference; lastKnownFileType = image.png; path = test_playbackControlView.300_200_pixels_light.png; sourceTree = "<group>"; };
		7F48B4032C60D9E2006CCB29 /* test_playbackControlView.300_200_pixels_dark.png */ = {isa = PBXFileReference; lastKnownFileType = image.png; path = test_playbackControlView.300_200_pixels_dark.png; sourceTree = "<group>"; };
		7F8780822C5D7CAF00B12A36 /* BookListener.app */ = {isa = PBXFileReference; explicitFileType = wrapper.application; includeInIndex = 0; path = BookListener.app; sourceTree = BUILT_PRODUCTS_DIR; };
		7F8780852C5D7CAF00B12A36 /* BookListenerApp.swift */ = {isa = PBXFileReference; lastKnownFileType = sourcecode.swift; path = BookListenerApp.swift; sourceTree = "<group>"; };
		7F8780892C5D7CB000B12A36 /* Assets.xcassets */ = {isa = PBXFileReference; lastKnownFileType = folder.assetcatalog; path = Assets.xcassets; sourceTree = "<group>"; };
		7F87808C2C5D7CB000B12A36 /* Preview Assets.xcassets */ = {isa = PBXFileReference; lastKnownFileType = folder.assetcatalog; path = "Preview Assets.xcassets"; sourceTree = "<group>"; };
		7F8780C22C5D93A000B12A36 /* BookListenerTests.xctest */ = {isa = PBXFileReference; explicitFileType = wrapper.cfbundle; includeInIndex = 0; path = BookListenerTests.xctest; sourceTree = BUILT_PRODUCTS_DIR; };
		7F8780D12C5D94B200B12A36 /* BookListenerSnapshotTests.swift */ = {isa = PBXFileReference; lastKnownFileType = sourcecode.swift; path = BookListenerSnapshotTests.swift; sourceTree = "<group>"; };
		7F8780E62C5E357600B12A36 /* SnapshotTestsHelpers.swift */ = {isa = PBXFileReference; lastKnownFileType = sourcecode.swift; path = SnapshotTestsHelpers.swift; sourceTree = "<group>"; };
		7F8780F72C5E406200B12A36 /* PlaybackControlView.swift */ = {isa = PBXFileReference; lastKnownFileType = sourcecode.swift; path = PlaybackControlView.swift; sourceTree = "<group>"; };
		7F8781132C5E54A000B12A36 /* PlaybackControlViewButtonStyle.swift */ = {isa = PBXFileReference; lastKnownFileType = sourcecode.swift; path = PlaybackControlViewButtonStyle.swift; sourceTree = "<group>"; };
		7F8781152C5E54BD00B12A36 /* PlaybackControlViewRole.swift */ = {isa = PBXFileReference; lastKnownFileType = sourcecode.swift; path = PlaybackControlViewRole.swift; sourceTree = "<group>"; };
		7F87811B2C5E5C2700B12A36 /* SliderView.swift */ = {isa = PBXFileReference; lastKnownFileType = sourcecode.swift; path = SliderView.swift; sourceTree = "<group>"; };
		7F87811F2C5E673500B12A36 /* RoundingPrecision.swift */ = {isa = PBXFileReference; lastKnownFileType = sourcecode.swift; path = RoundingPrecision.swift; sourceTree = "<group>"; };
		7F87812E2C5E95F400B12A36 /* ListenScreenView.swift */ = {isa = PBXFileReference; lastKnownFileType = sourcecode.swift; path = ListenScreenView.swift; sourceTree = "<group>"; };
		7F8781312C5E983F00B12A36 /* CoverImageView.swift */ = {isa = PBXFileReference; lastKnownFileType = sourcecode.swift; path = CoverImageView.swift; sourceTree = "<group>"; };
		7F8781332C5E987C00B12A36 /* ChapterInfoView.swift */ = {isa = PBXFileReference; lastKnownFileType = sourcecode.swift; path = ChapterInfoView.swift; sourceTree = "<group>"; };
		7F8781352C5EAFC900B12A36 /* ToggleView.swift */ = {isa = PBXFileReference; lastKnownFileType = sourcecode.swift; path = ToggleView.swift; sourceTree = "<group>"; };
		7F8781382C5EAFF600B12A36 /* ListenScreenMode.swift */ = {isa = PBXFileReference; lastKnownFileType = sourcecode.swift; path = ListenScreenMode.swift; sourceTree = "<group>"; };
		7F87813A2C5F570800B12A36 /* test_toggleView_listenMode.400_200_pixels_dark.png */ = {isa = PBXFileReference; lastKnownFileType = image.png; path = test_toggleView_listenMode.400_200_pixels_dark.png; sourceTree = "<group>"; };
		7F87813B2C5F570800B12A36 /* test_toggleView_listenMode.400_200_pixels_light.png */ = {isa = PBXFileReference; lastKnownFileType = image.png; path = test_toggleView_listenMode.400_200_pixels_light.png; sourceTree = "<group>"; };
		7F87813C2C5F570800B12A36 /* test_toggleView_readMode.400_200_pixels_dark.png */ = {isa = PBXFileReference; lastKnownFileType = image.png; path = test_toggleView_readMode.400_200_pixels_dark.png; sourceTree = "<group>"; };
		7F87813D2C5F570800B12A36 /* test_toggleView_readMode.400_200_pixels_light.png */ = {isa = PBXFileReference; lastKnownFileType = image.png; path = test_toggleView_readMode.400_200_pixels_light.png; sourceTree = "<group>"; };
		7F87814E2C5F5EF600B12A36 /* ListenScreenSnapshotTests.swift */ = {isa = PBXFileReference; lastKnownFileType = sourcecode.swift; path = ListenScreenSnapshotTests.swift; sourceTree = "<group>"; };
		7F8781592C5F64F900B12A36 /* test_chapterInfoView.300_200_pixels_light.png */ = {isa = PBXFileReference; lastKnownFileType = image.png; path = test_chapterInfoView.300_200_pixels_light.png; sourceTree = "<group>"; };
		7F87815A2C5F64F900B12A36 /* test_chapterInfoView.300_200_pixels_dark.png */ = {isa = PBXFileReference; lastKnownFileType = image.png; path = test_chapterInfoView.300_200_pixels_dark.png; sourceTree = "<group>"; };
		7F87815D2C5F659500B12A36 /* test_coverImageView.200_300_pixels_dark.png */ = {isa = PBXFileReference; lastKnownFileType = image.png; path = test_coverImageView.200_300_pixels_dark.png; sourceTree = "<group>"; };
		7F87815F2C5F65BA00B12A36 /* test_coverImageView.200_300_pixels_light.png */ = {isa = PBXFileReference; lastKnownFileType = image.png; path = test_coverImageView.200_300_pixels_light.png; sourceTree = "<group>"; };
		7F8781692C5F69BA00B12A36 /* ListenScreenViewModelTests.swift */ = {isa = PBXFileReference; lastKnownFileType = sourcecode.swift; path = ListenScreenViewModelTests.swift; sourceTree = "<group>"; };
		7F87816D2C5F859E00B12A36 /* 00 Introduction.mp3 */ = {isa = PBXFileReference; lastKnownFileType = audio.mp3; path = "00 Introduction.mp3"; sourceTree = "<group>"; };
		7F87816E2C5F859E00B12A36 /* 01 Chapter 1.mp3 */ = {isa = PBXFileReference; lastKnownFileType = audio.mp3; path = "01 Chapter 1.mp3"; sourceTree = "<group>"; };
		7F87816F2C5F859E00B12A36 /* 02 Chapter 2.mp3 */ = {isa = PBXFileReference; lastKnownFileType = audio.mp3; path = "02 Chapter 2.mp3"; sourceTree = "<group>"; };
		7F8781702C5F859E00B12A36 /* 03 Chapter 3.mp3 */ = {isa = PBXFileReference; lastKnownFileType = audio.mp3; path = "03 Chapter 3.mp3"; sourceTree = "<group>"; };
		7F8781712C5F859E00B12A36 /* 04 Chapter 4.mp3 */ = {isa = PBXFileReference; lastKnownFileType = audio.mp3; path = "04 Chapter 4.mp3"; sourceTree = "<group>"; };
		7F8781722C5F859E00B12A36 /* 05 Chapter 5.mp3 */ = {isa = PBXFileReference; lastKnownFileType = audio.mp3; path = "05 Chapter 5.mp3"; sourceTree = "<group>"; };
		7F87817B2C5F86B300B12A36 /* BookListenerUnitTestPlan.xctestplan */ = {isa = PBXFileReference; lastKnownFileType = text; path = BookListenerUnitTestPlan.xctestplan; sourceTree = "<group>"; };
		7F87817C2C5F876D00B12A36 /* BookListenerSnapshotTests.xctestplan */ = {isa = PBXFileReference; lastKnownFileType = text; path = BookListenerSnapshotTests.xctestplan; sourceTree = SOURCE_ROOT; };
		7F87817E2C5F970000B12A36 /* AudioViewModelProtocol.swift */ = {isa = PBXFileReference; lastKnownFileType = sourcecode.swift; path = AudioViewModelProtocol.swift; sourceTree = "<group>"; };
		7F8781802C5F971800B12A36 /* AudioViewModel.swift */ = {isa = PBXFileReference; lastKnownFileType = sourcecode.swift; path = AudioViewModel.swift; sourceTree = "<group>"; };
		7F8781842C5F973E00B12A36 /* Chapter.swift */ = {isa = PBXFileReference; lastKnownFileType = sourcecode.swift; path = Chapter.swift; sourceTree = "<group>"; };
		7F8781862C5F975200B12A36 /* Array+Extensions.swift */ = {isa = PBXFileReference; lastKnownFileType = sourcecode.swift; path = "Array+Extensions.swift"; sourceTree = "<group>"; };
		7F8781882C5F99CE00B12A36 /* ListenScreenViewModel.swift */ = {isa = PBXFileReference; lastKnownFileType = sourcecode.swift; path = ListenScreenViewModel.swift; sourceTree = "<group>"; };
		7F87818A2C5F99D800B12A36 /* ListenScreenViewModelProtocol.swift */ = {isa = PBXFileReference; lastKnownFileType = sourcecode.swift; path = ListenScreenViewModelProtocol.swift; sourceTree = "<group>"; };
		7F87818C2C5F9AA100B12A36 /* AudioViewModelAVFoundationIntegrationTests.swift */ = {isa = PBXFileReference; lastKnownFileType = sourcecode.swift; path = AudioViewModelAVFoundationIntegrationTests.swift; sourceTree = "<group>"; };
/* End PBXFileReference section */

/* Begin PBXFrameworksBuildPhase section */
		7F87807F2C5D7CAF00B12A36 /* Frameworks */ = {
			isa = PBXFrameworksBuildPhase;
			buildActionMask = 2147483647;
			files = (
			);
			runOnlyForDeploymentPostprocessing = 0;
		};
		7F8780BF2C5D93A000B12A36 /* Frameworks */ = {
			isa = PBXFrameworksBuildPhase;
			buildActionMask = 2147483647;
			files = (
				7F8780DA2C5E0BE900B12A36 /* InlineSnapshotTesting in Frameworks */,
				7F8780DC2C5E0BE900B12A36 /* SnapshotTesting in Frameworks */,
				7F48B3DC2C5FAFA7006CCB29 /* ViewInspector in Frameworks */,
			);
			runOnlyForDeploymentPostprocessing = 0;
		};
/* End PBXFrameworksBuildPhase section */

/* Begin PBXGroup section */
		7F48B3FD2C60D94D006CCB29 /* ListenScreenSnapshotTests */ = {
			isa = PBXGroup;
			children = (
				7F48B3F92C60D94D006CCB29 /* test_listenMode_empty.iphone13PRO_dark.png */,
				7F48B3FA2C60D94D006CCB29 /* test_listenMode_empty.iphone13PRO_light.png */,
				7F48B3FB2C60D94D006CCB29 /* test_ReadMode_empty.iphone13PRO_dark.png */,
				7F48B3FC2C60D94D006CCB29 /* test_ReadMode_empty.iphone13PRO_light.png */,
			);
			path = ListenScreenSnapshotTests;
			sourceTree = "<group>";
		};
		7F8780792C5D7CAF00B12A36 = {
			isa = PBXGroup;
			children = (
				7F8780842C5D7CAF00B12A36 /* BookListener */,
				7F8780C32C5D93A000B12A36 /* BookListenerTests */,
				7F8780832C5D7CAF00B12A36 /* Products */,
			);
			sourceTree = "<group>";
		};
		7F8780832C5D7CAF00B12A36 /* Products */ = {
			isa = PBXGroup;
			children = (
				7F8780822C5D7CAF00B12A36 /* BookListener.app */,
				7F8780C22C5D93A000B12A36 /* BookListenerTests.xctest */,
			);
			name = Products;
			sourceTree = "<group>";
		};
		7F8780842C5D7CAF00B12A36 /* BookListener */ = {
			isa = PBXGroup;
			children = (
				7F8781832C5F973600B12A36 /* Book */,
				7F87817D2C5F96F400B12A36 /* AudioViewModel */,
				7F8781732C5F859E00B12A36 /* Mock */,
				7F87812D2C5E95E100B12A36 /* ListenScreen */,
				7F87811E2C5E672D00B12A36 /* Utility */,
				7F8780F62C5E404700B12A36 /* UIComponents */,
				7F8780852C5D7CAF00B12A36 /* BookListenerApp.swift */,
				7F8780892C5D7CB000B12A36 /* Assets.xcassets */,
				7F87808B2C5D7CB000B12A36 /* Preview Content */,
			);
			path = BookListener;
			sourceTree = "<group>";
		};
		7F87808B2C5D7CB000B12A36 /* Preview Content */ = {
			isa = PBXGroup;
			children = (
				7F87808C2C5D7CB000B12A36 /* Preview Assets.xcassets */,
			);
			path = "Preview Content";
			sourceTree = "<group>";
		};
		7F8780C32C5D93A000B12A36 /* BookListenerTests */ = {
			isa = PBXGroup;
			children = (
				7F87817B2C5F86B300B12A36 /* BookListenerUnitTestPlan.xctestplan */,
				7F87817C2C5F876D00B12A36 /* BookListenerSnapshotTests.xctestplan */,
				7F8780F12C5E3E2300B12A36 /* __Snapshots__ */,
				7F8780E52C5E355900B12A36 /* Helpers */,
				7F8780D12C5D94B200B12A36 /* BookListenerSnapshotTests.swift */,
				7F87814E2C5F5EF600B12A36 /* ListenScreenSnapshotTests.swift */,
				7F8781692C5F69BA00B12A36 /* ListenScreenViewModelTests.swift */,
				7F87818C2C5F9AA100B12A36 /* AudioViewModelAVFoundationIntegrationTests.swift */,
				7F48B3D82C5FA608006CCB29 /* ListenScreenUIIntegrationTests.swift */,
			);
			path = BookListenerTests;
			sourceTree = "<group>";
		};
		7F8780E52C5E355900B12A36 /* Helpers */ = {
			isa = PBXGroup;
			children = (
				7F8780E62C5E357600B12A36 /* SnapshotTestsHelpers.swift */,
			);
			path = Helpers;
			sourceTree = "<group>";
		};
		7F8780F02C5E3E2300B12A36 /* BookListenerSnapshotTests */ = {
			isa = PBXGroup;
			children = (
				7F48B4032C60D9E2006CCB29 /* test_playbackControlView.300_200_pixels_dark.png */,
				7F48B4022C60D9E2006CCB29 /* test_playbackControlView.300_200_pixels_light.png */,
				7F48B3F12C60AD8D006CCB29 /* test_speedChangeView.300_200_pixels_dark.png */,
				7F48B3F22C60AD8D006CCB29 /* test_speedChangeView.300_200_pixels_light.png */,
				7F48B3E62C601DC8006CCB29 /* test_sliderView_empty.400_200_pixels_dark.png */,
				7F48B3E52C601DC8006CCB29 /* test_sliderView_empty.400_200_pixels_light.png */,
				7F87815F2C5F65BA00B12A36 /* test_coverImageView.200_300_pixels_light.png */,
				7F87815D2C5F659500B12A36 /* test_coverImageView.200_300_pixels_dark.png */,
				7F87815A2C5F64F900B12A36 /* test_chapterInfoView.300_200_pixels_dark.png */,
				7F8781592C5F64F900B12A36 /* test_chapterInfoView.300_200_pixels_light.png */,
				7F87813A2C5F570800B12A36 /* test_toggleView_listenMode.400_200_pixels_dark.png */,
				7F87813B2C5F570800B12A36 /* test_toggleView_listenMode.400_200_pixels_light.png */,
				7F87813C2C5F570800B12A36 /* test_toggleView_readMode.400_200_pixels_dark.png */,
				7F87813D2C5F570800B12A36 /* test_toggleView_readMode.400_200_pixels_light.png */,
			);
			path = BookListenerSnapshotTests;
			sourceTree = "<group>";
		};
		7F8780F12C5E3E2300B12A36 /* __Snapshots__ */ = {
			isa = PBXGroup;
			children = (
				7F48B3FD2C60D94D006CCB29 /* ListenScreenSnapshotTests */,
				7F8780F02C5E3E2300B12A36 /* BookListenerSnapshotTests */,
			);
			path = __Snapshots__;
			sourceTree = "<group>";
		};
		7F8780F62C5E404700B12A36 /* UIComponents */ = {
			isa = PBXGroup;
			children = (
				7F8781122C5E549000B12A36 /* PlaybackControlView */,
				7F87811B2C5E5C2700B12A36 /* SliderView.swift */,
			);
			path = UIComponents;
			sourceTree = "<group>";
		};
		7F8781122C5E549000B12A36 /* PlaybackControlView */ = {
			isa = PBXGroup;
			children = (
				7F8780F72C5E406200B12A36 /* PlaybackControlView.swift */,
				7F8781132C5E54A000B12A36 /* PlaybackControlViewButtonStyle.swift */,
				7F8781152C5E54BD00B12A36 /* PlaybackControlViewRole.swift */,
			);
			path = PlaybackControlView;
			sourceTree = "<group>";
		};
		7F87811E2C5E672D00B12A36 /* Utility */ = {
			isa = PBXGroup;
			children = (
				7F87811F2C5E673500B12A36 /* RoundingPrecision.swift */,
				7F8781862C5F975200B12A36 /* Array+Extensions.swift */,
			);
			path = Utility;
			sourceTree = "<group>";
		};
		7F87812D2C5E95E100B12A36 /* ListenScreen */ = {
			isa = PBXGroup;
			children = (
				7F8781372C5EAFF000B12A36 /* Models */,
				7F8781302C5E983000B12A36 /* UIComponents */,
				7F87812E2C5E95F400B12A36 /* ListenScreenView.swift */,
				7F8781882C5F99CE00B12A36 /* ListenScreenViewModel.swift */,
				7F87818A2C5F99D800B12A36 /* ListenScreenViewModelProtocol.swift */,
			);
			path = ListenScreen;
			sourceTree = "<group>";
		};
		7F8781302C5E983000B12A36 /* UIComponents */ = {
			isa = PBXGroup;
			children = (
				7F8781312C5E983F00B12A36 /* CoverImageView.swift */,
				7F8781332C5E987C00B12A36 /* ChapterInfoView.swift */,
				7F8781352C5EAFC900B12A36 /* ToggleView.swift */,
				7F48B3EF2C60AB24006CCB29 /* SpeedChangeView.swift */,
			);
			path = UIComponents;
			sourceTree = "<group>";
		};
		7F8781372C5EAFF000B12A36 /* Models */ = {
			isa = PBXGroup;
			children = (
				7F8781382C5EAFF600B12A36 /* ListenScreenMode.swift */,
			);
			path = Models;
			sourceTree = "<group>";
		};
		7F8781732C5F859E00B12A36 /* Mock */ = {
			isa = PBXGroup;
			children = (
				7F48B3ED2C602F25006CCB29 /* think_and_grow_rich_book_cover.jpg */,
				7F87816D2C5F859E00B12A36 /* 00 Introduction.mp3 */,
				7F87816E2C5F859E00B12A36 /* 01 Chapter 1.mp3 */,
				7F87816F2C5F859E00B12A36 /* 02 Chapter 2.mp3 */,
				7F8781702C5F859E00B12A36 /* 03 Chapter 3.mp3 */,
				7F8781712C5F859E00B12A36 /* 04 Chapter 4.mp3 */,
				7F8781722C5F859E00B12A36 /* 05 Chapter 5.mp3 */,
				7F48B3EB2C602898006CCB29 /* Mocks.swift */,
			);
			path = Mock;
			sourceTree = "<group>";
		};
		7F87817D2C5F96F400B12A36 /* AudioViewModel */ = {
			isa = PBXGroup;
			children = (
				7F87817E2C5F970000B12A36 /* AudioViewModelProtocol.swift */,
				7F8781802C5F971800B12A36 /* AudioViewModel.swift */,
			);
			path = AudioViewModel;
			sourceTree = "<group>";
		};
		7F8781832C5F973600B12A36 /* Book */ = {
			isa = PBXGroup;
			children = (
				7F8781842C5F973E00B12A36 /* Chapter.swift */,
				7F48B3E92C601FB6006CCB29 /* Book.swift */,
			);
			path = Book;
			sourceTree = "<group>";
		};
/* End PBXGroup section */

/* Begin PBXNativeTarget section */
		7F8780812C5D7CAF00B12A36 /* BookListener */ = {
			isa = PBXNativeTarget;
			buildConfigurationList = 7F8780A62C5D7CB100B12A36 /* Build configuration list for PBXNativeTarget "BookListener" */;
			buildPhases = (
				7F87807E2C5D7CAF00B12A36 /* Sources */,
				7F87807F2C5D7CAF00B12A36 /* Frameworks */,
				7F8780802C5D7CAF00B12A36 /* Resources */,
			);
			buildRules = (
			);
			dependencies = (
			);
			name = BookListener;
			productName = BookListener;
			productReference = 7F8780822C5D7CAF00B12A36 /* BookListener.app */;
			productType = "com.apple.product-type.application";
		};
		7F8780C12C5D93A000B12A36 /* BookListenerTests */ = {
			isa = PBXNativeTarget;
			buildConfigurationList = 7F8780CA2C5D93A000B12A36 /* Build configuration list for PBXNativeTarget "BookListenerTests" */;
			buildPhases = (
				7F8780BE2C5D93A000B12A36 /* Sources */,
				7F8780BF2C5D93A000B12A36 /* Frameworks */,
				7F8780C02C5D93A000B12A36 /* Resources */,
			);
			buildRules = (
			);
			dependencies = (
				7F8780C72C5D93A000B12A36 /* PBXTargetDependency */,
			);
			name = BookListenerTests;
			packageProductDependencies = (
				7F8780D92C5E0BE900B12A36 /* InlineSnapshotTesting */,
				7F8780DB2C5E0BE900B12A36 /* SnapshotTesting */,
				7F48B3DB2C5FAFA7006CCB29 /* ViewInspector */,
			);
			productName = BookListenerTests;
			productReference = 7F8780C22C5D93A000B12A36 /* BookListenerTests.xctest */;
			productType = "com.apple.product-type.bundle.unit-test";
		};
/* End PBXNativeTarget section */

/* Begin PBXProject section */
		7F87807A2C5D7CAF00B12A36 /* Project object */ = {
			isa = PBXProject;
			attributes = {
				BuildIndependentTargetsInParallel = 1;
				LastSwiftUpdateCheck = 1540;
				LastUpgradeCheck = 1540;
				TargetAttributes = {
					7F8780812C5D7CAF00B12A36 = {
						CreatedOnToolsVersion = 15.4;
					};
					7F8780C12C5D93A000B12A36 = {
						CreatedOnToolsVersion = 15.4;
						LastSwiftMigration = 1540;
						TestTargetID = 7F8780812C5D7CAF00B12A36;
					};
				};
			};
			buildConfigurationList = 7F87807D2C5D7CAF00B12A36 /* Build configuration list for PBXProject "BookListener" */;
			compatibilityVersion = "Xcode 14.0";
			developmentRegion = en;
			hasScannedForEncodings = 0;
			knownRegions = (
				en,
				Base,
			);
			mainGroup = 7F8780792C5D7CAF00B12A36;
			packageReferences = (
				7F8780D82C5E0BE900B12A36 /* XCRemoteSwiftPackageReference "swift-snapshot-testing" */,
				7F48B3DA2C5FAFA7006CCB29 /* XCRemoteSwiftPackageReference "ViewInspector" */,
			);
			productRefGroup = 7F8780832C5D7CAF00B12A36 /* Products */;
			projectDirPath = "";
			projectRoot = "";
			targets = (
				7F8780812C5D7CAF00B12A36 /* BookListener */,
				7F8780C12C5D93A000B12A36 /* BookListenerTests */,
			);
		};
/* End PBXProject section */

/* Begin PBXResourcesBuildPhase section */
		7F8780802C5D7CAF00B12A36 /* Resources */ = {
			isa = PBXResourcesBuildPhase;
			buildActionMask = 2147483647;
			files = (
				7F87808D2C5D7CB000B12A36 /* Preview Assets.xcassets in Resources */,
				7F8781772C5F859E00B12A36 /* 03 Chapter 3.mp3 in Resources */,
				7F48B3EE2C602F25006CCB29 /* think_and_grow_rich_book_cover.jpg in Resources */,
				7F8781782C5F859E00B12A36 /* 04 Chapter 4.mp3 in Resources */,
				7F87808A2C5D7CB000B12A36 /* Assets.xcassets in Resources */,
				7F8781762C5F859E00B12A36 /* 02 Chapter 2.mp3 in Resources */,
				7F8781742C5F859E00B12A36 /* 00 Introduction.mp3 in Resources */,
				7F8781752C5F859E00B12A36 /* 01 Chapter 1.mp3 in Resources */,
				7F8781792C5F859E00B12A36 /* 05 Chapter 5.mp3 in Resources */,
			);
			runOnlyForDeploymentPostprocessing = 0;
		};
		7F8780C02C5D93A000B12A36 /* Resources */ = {
			isa = PBXResourcesBuildPhase;
			buildActionMask = 2147483647;
			files = (
				7F87813F2C5F570800B12A36 /* test_toggleView_listenMode.400_200_pixels_light.png in Resources */,
				7F8781412C5F570800B12A36 /* test_toggleView_readMode.400_200_pixels_light.png in Resources */,
				7F48B3F32C60AD8D006CCB29 /* test_speedChangeView.300_200_pixels_dark.png in Resources */,
				7F48B3FE2C60D94D006CCB29 /* test_listenMode_empty.iphone13PRO_dark.png in Resources */,
				7F48B3E82C601DC8006CCB29 /* test_sliderView_empty.400_200_pixels_dark.png in Resources */,
				7F48B4012C60D94D006CCB29 /* test_ReadMode_empty.iphone13PRO_light.png in Resources */,
				7F48B4002C60D94D006CCB29 /* test_ReadMode_empty.iphone13PRO_dark.png in Resources */,
				7F87813E2C5F570800B12A36 /* test_toggleView_listenMode.400_200_pixels_dark.png in Resources */,
				7F48B3F42C60AD8D006CCB29 /* test_speedChangeView.300_200_pixels_light.png in Resources */,
				7F48B4042C60D9E2006CCB29 /* test_playbackControlView.300_200_pixels_light.png in Resources */,
				7F48B4052C60D9E2006CCB29 /* test_playbackControlView.300_200_pixels_dark.png in Resources */,
				7F87815E2C5F659500B12A36 /* test_coverImageView.200_300_pixels_dark.png in Resources */,
				7F87815B2C5F64F900B12A36 /* test_chapterInfoView.300_200_pixels_light.png in Resources */,
				7F8781602C5F65BA00B12A36 /* test_coverImageView.200_300_pixels_light.png in Resources */,
				7F8781402C5F570800B12A36 /* test_toggleView_readMode.400_200_pixels_dark.png in Resources */,
				7F48B3FF2C60D94D006CCB29 /* test_listenMode_empty.iphone13PRO_light.png in Resources */,
				7F48B3E72C601DC8006CCB29 /* test_sliderView_empty.400_200_pixels_light.png in Resources */,
				7F87815C2C5F64F900B12A36 /* test_chapterInfoView.300_200_pixels_dark.png in Resources */,
			);
			runOnlyForDeploymentPostprocessing = 0;
		};
/* End PBXResourcesBuildPhase section */

/* Begin PBXSourcesBuildPhase section */
		7F87807E2C5D7CAF00B12A36 /* Sources */ = {
			isa = PBXSourcesBuildPhase;
			buildActionMask = 2147483647;
			files = (
				7F87818B2C5F99D800B12A36 /* ListenScreenViewModelProtocol.swift in Sources */,
				7F8780862C5D7CAF00B12A36 /* BookListenerApp.swift in Sources */,
				7F48B3F02C60AB24006CCB29 /* SpeedChangeView.swift in Sources */,
				7F8781892C5F99CE00B12A36 /* ListenScreenViewModel.swift in Sources */,
				7F8780F82C5E406200B12A36 /* PlaybackControlView.swift in Sources */,
				7F87812F2C5E95F400B12A36 /* ListenScreenView.swift in Sources */,
				7F8781342C5E987C00B12A36 /* ChapterInfoView.swift in Sources */,
				7F8781362C5EAFC900B12A36 /* ToggleView.swift in Sources */,
				7F8781852C5F973E00B12A36 /* Chapter.swift in Sources */,
				7F8781322C5E983F00B12A36 /* CoverImageView.swift in Sources */,
				7F8781812C5F971800B12A36 /* AudioViewModel.swift in Sources */,
				7F87817F2C5F970000B12A36 /* AudioViewModelProtocol.swift in Sources */,
				7F87811C2C5E5C2700B12A36 /* SliderView.swift in Sources */,
				7F8781872C5F975200B12A36 /* Array+Extensions.swift in Sources */,
				7F8781162C5E54BD00B12A36 /* PlaybackControlViewRole.swift in Sources */,
				7F48B3EA2C601FB6006CCB29 /* Book.swift in Sources */,
				7F8781392C5EAFF600B12A36 /* ListenScreenMode.swift in Sources */,
				7F48B3EC2C602898006CCB29 /* Mocks.swift in Sources */,
				7F8781142C5E54A000B12A36 /* PlaybackControlViewButtonStyle.swift in Sources */,
				7F8781202C5E673500B12A36 /* RoundingPrecision.swift in Sources */,
			);
			runOnlyForDeploymentPostprocessing = 0;
		};
		7F8780BE2C5D93A000B12A36 /* Sources */ = {
			isa = PBXSourcesBuildPhase;
			buildActionMask = 2147483647;
			files = (
				7F87814F2C5F5EF600B12A36 /* ListenScreenSnapshotTests.swift in Sources */,
				7F87818D2C5F9AA100B12A36 /* AudioViewModelAVFoundationIntegrationTests.swift in Sources */,
				7F8780D22C5D94B200B12A36 /* BookListenerSnapshotTests.swift in Sources */,
				7F87816A2C5F69BA00B12A36 /* ListenScreenViewModelTests.swift in Sources */,
				7F8780E72C5E357600B12A36 /* SnapshotTestsHelpers.swift in Sources */,
				7F48B3D92C5FA608006CCB29 /* ListenScreenUIIntegrationTests.swift in Sources */,
			);
			runOnlyForDeploymentPostprocessing = 0;
		};
/* End PBXSourcesBuildPhase section */

/* Begin PBXTargetDependency section */
		7F8780C72C5D93A000B12A36 /* PBXTargetDependency */ = {
			isa = PBXTargetDependency;
			target = 7F8780812C5D7CAF00B12A36 /* BookListener */;
			targetProxy = 7F8780C62C5D93A000B12A36 /* PBXContainerItemProxy */;
		};
/* End PBXTargetDependency section */

/* Begin XCBuildConfiguration section */
		7F8780A42C5D7CB100B12A36 /* Debug */ = {
			isa = XCBuildConfiguration;
			buildSettings = {
				ALWAYS_SEARCH_USER_PATHS = NO;
				ASSETCATALOG_COMPILER_GENERATE_SWIFT_ASSET_SYMBOL_EXTENSIONS = YES;
				CLANG_ANALYZER_NONNULL = YES;
				CLANG_ANALYZER_NUMBER_OBJECT_CONVERSION = YES_AGGRESSIVE;
				CLANG_CXX_LANGUAGE_STANDARD = "gnu++20";
				CLANG_ENABLE_MODULES = YES;
				CLANG_ENABLE_OBJC_ARC = YES;
				CLANG_ENABLE_OBJC_WEAK = YES;
				CLANG_WARN_BLOCK_CAPTURE_AUTORELEASING = YES;
				CLANG_WARN_BOOL_CONVERSION = YES;
				CLANG_WARN_COMMA = YES;
				CLANG_WARN_CONSTANT_CONVERSION = YES;
				CLANG_WARN_DEPRECATED_OBJC_IMPLEMENTATIONS = YES;
				CLANG_WARN_DIRECT_OBJC_ISA_USAGE = YES_ERROR;
				CLANG_WARN_DOCUMENTATION_COMMENTS = YES;
				CLANG_WARN_EMPTY_BODY = YES;
				CLANG_WARN_ENUM_CONVERSION = YES;
				CLANG_WARN_INFINITE_RECURSION = YES;
				CLANG_WARN_INT_CONVERSION = YES;
				CLANG_WARN_NON_LITERAL_NULL_CONVERSION = YES;
				CLANG_WARN_OBJC_IMPLICIT_RETAIN_SELF = YES;
				CLANG_WARN_OBJC_LITERAL_CONVERSION = YES;
				CLANG_WARN_OBJC_ROOT_CLASS = YES_ERROR;
				CLANG_WARN_QUOTED_INCLUDE_IN_FRAMEWORK_HEADER = YES;
				CLANG_WARN_RANGE_LOOP_ANALYSIS = YES;
				CLANG_WARN_STRICT_PROTOTYPES = YES;
				CLANG_WARN_SUSPICIOUS_MOVE = YES;
				CLANG_WARN_UNGUARDED_AVAILABILITY = YES_AGGRESSIVE;
				CLANG_WARN_UNREACHABLE_CODE = YES;
				CLANG_WARN__DUPLICATE_METHOD_MATCH = YES;
				COPY_PHASE_STRIP = NO;
				DEBUG_INFORMATION_FORMAT = dwarf;
				ENABLE_STRICT_OBJC_MSGSEND = YES;
				ENABLE_TESTABILITY = YES;
				ENABLE_USER_SCRIPT_SANDBOXING = YES;
				GCC_C_LANGUAGE_STANDARD = gnu17;
				GCC_DYNAMIC_NO_PIC = NO;
				GCC_NO_COMMON_BLOCKS = YES;
				GCC_OPTIMIZATION_LEVEL = 0;
				GCC_PREPROCESSOR_DEFINITIONS = (
					"DEBUG=1",
					"$(inherited)",
				);
				GCC_WARN_64_TO_32_BIT_CONVERSION = YES;
				GCC_WARN_ABOUT_RETURN_TYPE = YES_ERROR;
				GCC_WARN_UNDECLARED_SELECTOR = YES;
				GCC_WARN_UNINITIALIZED_AUTOS = YES_AGGRESSIVE;
				GCC_WARN_UNUSED_FUNCTION = YES;
				GCC_WARN_UNUSED_VARIABLE = YES;
				IPHONEOS_DEPLOYMENT_TARGET = 17.5;
				LOCALIZATION_PREFERS_STRING_CATALOGS = YES;
				MTL_ENABLE_DEBUG_INFO = INCLUDE_SOURCE;
				MTL_FAST_MATH = YES;
				ONLY_ACTIVE_ARCH = YES;
				SDKROOT = iphoneos;
				SWIFT_ACTIVE_COMPILATION_CONDITIONS = "DEBUG $(inherited)";
				SWIFT_OPTIMIZATION_LEVEL = "-Onone";
			};
			name = Debug;
		};
		7F8780A52C5D7CB100B12A36 /* Release */ = {
			isa = XCBuildConfiguration;
			buildSettings = {
				ALWAYS_SEARCH_USER_PATHS = NO;
				ASSETCATALOG_COMPILER_GENERATE_SWIFT_ASSET_SYMBOL_EXTENSIONS = YES;
				CLANG_ANALYZER_NONNULL = YES;
				CLANG_ANALYZER_NUMBER_OBJECT_CONVERSION = YES_AGGRESSIVE;
				CLANG_CXX_LANGUAGE_STANDARD = "gnu++20";
				CLANG_ENABLE_MODULES = YES;
				CLANG_ENABLE_OBJC_ARC = YES;
				CLANG_ENABLE_OBJC_WEAK = YES;
				CLANG_WARN_BLOCK_CAPTURE_AUTORELEASING = YES;
				CLANG_WARN_BOOL_CONVERSION = YES;
				CLANG_WARN_COMMA = YES;
				CLANG_WARN_CONSTANT_CONVERSION = YES;
				CLANG_WARN_DEPRECATED_OBJC_IMPLEMENTATIONS = YES;
				CLANG_WARN_DIRECT_OBJC_ISA_USAGE = YES_ERROR;
				CLANG_WARN_DOCUMENTATION_COMMENTS = YES;
				CLANG_WARN_EMPTY_BODY = YES;
				CLANG_WARN_ENUM_CONVERSION = YES;
				CLANG_WARN_INFINITE_RECURSION = YES;
				CLANG_WARN_INT_CONVERSION = YES;
				CLANG_WARN_NON_LITERAL_NULL_CONVERSION = YES;
				CLANG_WARN_OBJC_IMPLICIT_RETAIN_SELF = YES;
				CLANG_WARN_OBJC_LITERAL_CONVERSION = YES;
				CLANG_WARN_OBJC_ROOT_CLASS = YES_ERROR;
				CLANG_WARN_QUOTED_INCLUDE_IN_FRAMEWORK_HEADER = YES;
				CLANG_WARN_RANGE_LOOP_ANALYSIS = YES;
				CLANG_WARN_STRICT_PROTOTYPES = YES;
				CLANG_WARN_SUSPICIOUS_MOVE = YES;
				CLANG_WARN_UNGUARDED_AVAILABILITY = YES_AGGRESSIVE;
				CLANG_WARN_UNREACHABLE_CODE = YES;
				CLANG_WARN__DUPLICATE_METHOD_MATCH = YES;
				COPY_PHASE_STRIP = NO;
				DEBUG_INFORMATION_FORMAT = "dwarf-with-dsym";
				ENABLE_NS_ASSERTIONS = NO;
				ENABLE_STRICT_OBJC_MSGSEND = YES;
				ENABLE_USER_SCRIPT_SANDBOXING = YES;
				GCC_C_LANGUAGE_STANDARD = gnu17;
				GCC_NO_COMMON_BLOCKS = YES;
				GCC_WARN_64_TO_32_BIT_CONVERSION = YES;
				GCC_WARN_ABOUT_RETURN_TYPE = YES_ERROR;
				GCC_WARN_UNDECLARED_SELECTOR = YES;
				GCC_WARN_UNINITIALIZED_AUTOS = YES_AGGRESSIVE;
				GCC_WARN_UNUSED_FUNCTION = YES;
				GCC_WARN_UNUSED_VARIABLE = YES;
				IPHONEOS_DEPLOYMENT_TARGET = 17.5;
				LOCALIZATION_PREFERS_STRING_CATALOGS = YES;
				MTL_ENABLE_DEBUG_INFO = NO;
				MTL_FAST_MATH = YES;
				SDKROOT = iphoneos;
				SWIFT_COMPILATION_MODE = wholemodule;
				VALIDATE_PRODUCT = YES;
			};
			name = Release;
		};
		7F8780A72C5D7CB100B12A36 /* Debug */ = {
			isa = XCBuildConfiguration;
			buildSettings = {
				ASSETCATALOG_COMPILER_APPICON_NAME = AppIcon;
				ASSETCATALOG_COMPILER_GLOBAL_ACCENT_COLOR_NAME = AccentColor;
				CODE_SIGN_STYLE = Automatic;
				CURRENT_PROJECT_VERSION = 1;
				DEVELOPMENT_ASSET_PATHS = "\"BookListener/Preview Content\"";
				DEVELOPMENT_TEAM = S7242VTUBZ;
				ENABLE_PREVIEWS = YES;
				GENERATE_INFOPLIST_FILE = YES;
				INFOPLIST_KEY_CFBundleDisplayName = "Book Listener";
				INFOPLIST_KEY_LSApplicationCategoryType = "public.app-category.books";
				INFOPLIST_KEY_UIApplicationSceneManifest_Generation = YES;
				INFOPLIST_KEY_UIApplicationSupportsIndirectInputEvents = YES;
				INFOPLIST_KEY_UILaunchScreen_Generation = YES;
				INFOPLIST_KEY_UISupportedInterfaceOrientations = UIInterfaceOrientationPortrait;
				INFOPLIST_KEY_UISupportedInterfaceOrientations_iPad = "UIInterfaceOrientationLandscapeLeft UIInterfaceOrientationLandscapeRight UIInterfaceOrientationPortrait UIInterfaceOrientationPortraitUpsideDown";
				IPHONEOS_DEPLOYMENT_TARGET = 16.0;
				LD_RUNPATH_SEARCH_PATHS = (
					"$(inherited)",
					"@executable_path/Frameworks",
				);
				MARKETING_VERSION = 1.0;
				PRODUCT_BUNDLE_IDENTIFIER = com.konstantin.bezzemelnyi.BookListener;
				PRODUCT_NAME = "$(TARGET_NAME)";
				SUPPORTED_PLATFORMS = "iphoneos iphonesimulator";
				SUPPORTS_MACCATALYST = NO;
				SUPPORTS_MAC_DESIGNED_FOR_IPHONE_IPAD = NO;
				SUPPORTS_XR_DESIGNED_FOR_IPHONE_IPAD = NO;
				SWIFT_EMIT_LOC_STRINGS = YES;
				SWIFT_VERSION = 5.0;
				TARGETED_DEVICE_FAMILY = 1;
			};
			name = Debug;
		};
		7F8780A82C5D7CB100B12A36 /* Release */ = {
			isa = XCBuildConfiguration;
			buildSettings = {
				ASSETCATALOG_COMPILER_APPICON_NAME = AppIcon;
				ASSETCATALOG_COMPILER_GLOBAL_ACCENT_COLOR_NAME = AccentColor;
				CODE_SIGN_STYLE = Automatic;
				CURRENT_PROJECT_VERSION = 1;
				DEVELOPMENT_ASSET_PATHS = "\"BookListener/Preview Content\"";
				DEVELOPMENT_TEAM = S7242VTUBZ;
				ENABLE_PREVIEWS = YES;
				GENERATE_INFOPLIST_FILE = YES;
				INFOPLIST_KEY_CFBundleDisplayName = "Book Listener";
				INFOPLIST_KEY_LSApplicationCategoryType = "public.app-category.books";
				INFOPLIST_KEY_UIApplicationSceneManifest_Generation = YES;
				INFOPLIST_KEY_UIApplicationSupportsIndirectInputEvents = YES;
				INFOPLIST_KEY_UILaunchScreen_Generation = YES;
				INFOPLIST_KEY_UISupportedInterfaceOrientations = UIInterfaceOrientationPortrait;
				INFOPLIST_KEY_UISupportedInterfaceOrientations_iPad = "UIInterfaceOrientationLandscapeLeft UIInterfaceOrientationLandscapeRight UIInterfaceOrientationPortrait UIInterfaceOrientationPortraitUpsideDown";
				IPHONEOS_DEPLOYMENT_TARGET = 16.0;
				LD_RUNPATH_SEARCH_PATHS = (
					"$(inherited)",
					"@executable_path/Frameworks",
				);
				MARKETING_VERSION = 1.0;
				PRODUCT_BUNDLE_IDENTIFIER = com.konstantin.bezzemelnyi.BookListener;
				PRODUCT_NAME = "$(TARGET_NAME)";
				SUPPORTED_PLATFORMS = "iphoneos iphonesimulator";
				SUPPORTS_MACCATALYST = NO;
				SUPPORTS_MAC_DESIGNED_FOR_IPHONE_IPAD = NO;
				SUPPORTS_XR_DESIGNED_FOR_IPHONE_IPAD = NO;
				SWIFT_EMIT_LOC_STRINGS = YES;
				SWIFT_VERSION = 5.0;
				TARGETED_DEVICE_FAMILY = 1;
			};
			name = Release;
		};
		7F8780C82C5D93A000B12A36 /* Debug */ = {
			isa = XCBuildConfiguration;
			buildSettings = {
				BUNDLE_LOADER = "$(TEST_HOST)";
				CLANG_ENABLE_MODULES = YES;
				CODE_SIGN_STYLE = Automatic;
				CURRENT_PROJECT_VERSION = 1;
				DEVELOPMENT_TEAM = S7242VTUBZ;
				GENERATE_INFOPLIST_FILE = YES;
				MARKETING_VERSION = 1.0;
				PRODUCT_BUNDLE_IDENTIFIER = com.konstantin.bezzemelnyi.BookListenerTests;
				PRODUCT_NAME = "$(TARGET_NAME)";
				SWIFT_EMIT_LOC_STRINGS = NO;
				SWIFT_OPTIMIZATION_LEVEL = "-Onone";
				SWIFT_VERSION = 5.0;
				TARGETED_DEVICE_FAMILY = "1,2";
				TEST_HOST = "$(BUILT_PRODUCTS_DIR)/BookListener.app/$(BUNDLE_EXECUTABLE_FOLDER_PATH)/BookListener";
			};
			name = Debug;
		};
		7F8780C92C5D93A000B12A36 /* Release */ = {
			isa = XCBuildConfiguration;
			buildSettings = {
				BUNDLE_LOADER = "$(TEST_HOST)";
				CLANG_ENABLE_MODULES = YES;
				CODE_SIGN_STYLE = Automatic;
				CURRENT_PROJECT_VERSION = 1;
				DEVELOPMENT_TEAM = S7242VTUBZ;
				GENERATE_INFOPLIST_FILE = YES;
				MARKETING_VERSION = 1.0;
				PRODUCT_BUNDLE_IDENTIFIER = com.konstantin.bezzemelnyi.BookListenerTests;
				PRODUCT_NAME = "$(TARGET_NAME)";
				SWIFT_EMIT_LOC_STRINGS = NO;
				SWIFT_VERSION = 5.0;
				TARGETED_DEVICE_FAMILY = "1,2";
				TEST_HOST = "$(BUILT_PRODUCTS_DIR)/BookListener.app/$(BUNDLE_EXECUTABLE_FOLDER_PATH)/BookListener";
			};
			name = Release;
		};
/* End XCBuildConfiguration section */

/* Begin XCConfigurationList section */
		7F87807D2C5D7CAF00B12A36 /* Build configuration list for PBXProject "BookListener" */ = {
			isa = XCConfigurationList;
			buildConfigurations = (
				7F8780A42C5D7CB100B12A36 /* Debug */,
				7F8780A52C5D7CB100B12A36 /* Release */,
			);
			defaultConfigurationIsVisible = 0;
			defaultConfigurationName = Release;
		};
		7F8780A62C5D7CB100B12A36 /* Build configuration list for PBXNativeTarget "BookListener" */ = {
			isa = XCConfigurationList;
			buildConfigurations = (
				7F8780A72C5D7CB100B12A36 /* Debug */,
				7F8780A82C5D7CB100B12A36 /* Release */,
			);
			defaultConfigurationIsVisible = 0;
			defaultConfigurationName = Release;
		};
		7F8780CA2C5D93A000B12A36 /* Build configuration list for PBXNativeTarget "BookListenerTests" */ = {
			isa = XCConfigurationList;
			buildConfigurations = (
				7F8780C82C5D93A000B12A36 /* Debug */,
				7F8780C92C5D93A000B12A36 /* Release */,
			);
			defaultConfigurationIsVisible = 0;
			defaultConfigurationName = Release;
		};
/* End XCConfigurationList section */

/* Begin XCRemoteSwiftPackageReference section */
		7F48B3DA2C5FAFA7006CCB29 /* XCRemoteSwiftPackageReference "ViewInspector" */ = {
			isa = XCRemoteSwiftPackageReference;
			repositoryURL = "https://github.com/nalexn/ViewInspector";
			requirement = {
				kind = upToNextMajorVersion;
				minimumVersion = 0.9.11;
			};
		};
		7F8780D82C5E0BE900B12A36 /* XCRemoteSwiftPackageReference "swift-snapshot-testing" */ = {
			isa = XCRemoteSwiftPackageReference;
			repositoryURL = "https://github.com/pointfreeco/swift-snapshot-testing";
			requirement = {
				kind = upToNextMajorVersion;
				minimumVersion = 1.17.3;
			};
		};
/* End XCRemoteSwiftPackageReference section */

/* Begin XCSwiftPackageProductDependency section */
		7F48B3DB2C5FAFA7006CCB29 /* ViewInspector */ = {
			isa = XCSwiftPackageProductDependency;
			package = 7F48B3DA2C5FAFA7006CCB29 /* XCRemoteSwiftPackageReference "ViewInspector" */;
			productName = ViewInspector;
		};
		7F8780D92C5E0BE900B12A36 /* InlineSnapshotTesting */ = {
			isa = XCSwiftPackageProductDependency;
			package = 7F8780D82C5E0BE900B12A36 /* XCRemoteSwiftPackageReference "swift-snapshot-testing" */;
			productName = InlineSnapshotTesting;
		};
		7F8780DB2C5E0BE900B12A36 /* SnapshotTesting */ = {
			isa = XCSwiftPackageProductDependency;
			package = 7F8780D82C5E0BE900B12A36 /* XCRemoteSwiftPackageReference "swift-snapshot-testing" */;
			productName = SnapshotTesting;
		};
/* End XCSwiftPackageProductDependency section */
	};
	rootObject = 7F87807A2C5D7CAF00B12A36 /* Project object */;
}
