// !$*UTF8*$!
{
	archiveVersion = 1;
	classes = {
	};
	objectVersion = 56;
	objects = {

/* Begin PBXBuildFile section */
		7F8780862C5D7CAF00B12A36 /* BookListenerApp.swift in Sources */ = {isa = PBXBuildFile; fileRef = 7F8780852C5D7CAF00B12A36 /* BookListenerApp.swift */; };
		7F8780882C5D7CAF00B12A36 /* ContentView.swift in Sources */ = {isa = PBXBuildFile; fileRef = 7F8780872C5D7CAF00B12A36 /* ContentView.swift */; };
		7F87808A2C5D7CB000B12A36 /* Assets.xcassets in Resources */ = {isa = PBXBuildFile; fileRef = 7F8780892C5D7CB000B12A36 /* Assets.xcassets */; };
		7F87808D2C5D7CB000B12A36 /* Preview Assets.xcassets in Resources */ = {isa = PBXBuildFile; fileRef = 7F87808C2C5D7CB000B12A36 /* Preview Assets.xcassets */; };
/* End PBXBuildFile section */

/* Begin PBXContainerItemProxy section */
		7F8780932C5D7CB100B12A36 /* PBXContainerItemProxy */ = {
			isa = PBXContainerItemProxy;
			containerPortal = 7F87807A2C5D7CAF00B12A36 /* Project object */;
			proxyType = 1;
			remoteGlobalIDString = 7F8780812C5D7CAF00B12A36;
			remoteInfo = BookListener;
		};
		7F87809D2C5D7CB100B12A36 /* PBXContainerItemProxy */ = {
			isa = PBXContainerItemProxy;
			containerPortal = 7F87807A2C5D7CAF00B12A36 /* Project object */;
			proxyType = 1;
			remoteGlobalIDString = 7F8780812C5D7CAF00B12A36;
			remoteInfo = BookListener;
		};
/* End PBXContainerItemProxy section */

/* Begin PBXFileReference section */
		7F8780822C5D7CAF00B12A36 /* BookListener.app */ = {isa = PBXFileReference; explicitFileType = wrapper.application; includeInIndex = 0; path = BookListener.app; sourceTree = BUILT_PRODUCTS_DIR; };
		7F8780852C5D7CAF00B12A36 /* BookListenerApp.swift */ = {isa = PBXFileReference; lastKnownFileType = sourcecode.swift; path = BookListenerApp.swift; sourceTree = "<group>"; };
		7F8780872C5D7CAF00B12A36 /* ContentView.swift */ = {isa = PBXFileReference; lastKnownFileType = sourcecode.swift; path = ContentView.swift; sourceTree = "<group>"; };
		7F8780892C5D7CB000B12A36 /* Assets.xcassets */ = {isa = PBXFileReference; lastKnownFileType = folder.assetcatalog; path = Assets.xcassets; sourceTree = "<group>"; };
		7F87808C2C5D7CB000B12A36 /* Preview Assets.xcassets */ = {isa = PBXFileReference; lastKnownFileType = folder.assetcatalog; path = "Preview Assets.xcassets"; sourceTree = "<group>"; };
		7F8780922C5D7CB100B12A36 /* BookListenerTests.xctest */ = {isa = PBXFileReference; explicitFileType = wrapper.cfbundle; includeInIndex = 0; path = BookListenerTests.xctest; sourceTree = BUILT_PRODUCTS_DIR; };
		7F87809C2C5D7CB100B12A36 /* BookListenerUITests.xctest */ = {isa = PBXFileReference; explicitFileType = wrapper.cfbundle; includeInIndex = 0; path = BookListenerUITests.xctest; sourceTree = BUILT_PRODUCTS_DIR; };
/* End PBXFileReference section */

/* Begin PBXFrameworksBuildPhase section */
		7F87807F2C5D7CAF00B12A36 /* Frameworks */ = {
			isa = PBXFrameworksBuildPhase;
			buildActionMask = 2147483647;
			files = (
			);
			runOnlyForDeploymentPostprocessing = 0;
		};
		7F87808F2C5D7CB100B12A36 /* Frameworks */ = {
			isa = PBXFrameworksBuildPhase;
			buildActionMask = 2147483647;
			files = (
			);
			runOnlyForDeploymentPostprocessing = 0;
		};
		7F8780992C5D7CB100B12A36 /* Frameworks */ = {
			isa = PBXFrameworksBuildPhase;
			buildActionMask = 2147483647;
			files = (
			);
			runOnlyForDeploymentPostprocessing = 0;
		};
/* End PBXFrameworksBuildPhase section */

/* Begin PBXGroup section */
		7F8780792C5D7CAF00B12A36 = {
			isa = PBXGroup;
			children = (
				7F8780842C5D7CAF00B12A36 /* BookListener */,
				7F8780832C5D7CAF00B12A36 /* Products */,
			);
			sourceTree = "<group>";
		};
		7F8780832C5D7CAF00B12A36 /* Products */ = {
			isa = PBXGroup;
			children = (
				7F8780822C5D7CAF00B12A36 /* BookListener.app */,
				7F8780922C5D7CB100B12A36 /* BookListenerTests.xctest */,
				7F87809C2C5D7CB100B12A36 /* BookListenerUITests.xctest */,
			);
			name = Products;
			sourceTree = "<group>";
		};
		7F8780842C5D7CAF00B12A36 /* BookListener */ = {
			isa = PBXGroup;
			children = (
				7F8780852C5D7CAF00B12A36 /* BookListenerApp.swift */,
				7F8780872C5D7CAF00B12A36 /* ContentView.swift */,
				7F8780892C5D7CB000B12A36 /* Assets.xcassets */,
				7F87808B2C5D7CB000B12A36 /* Preview Content */,
			);
			path = BookListener;
			sourceTree = "<group>";
		};
		7F87808B2C5D7CB000B12A36 /* Preview Content */ = {
			isa = PBXGroup;
			children = (
				7F87808C2C5D7CB000B12A36 /* Preview Assets.xcassets */,
			);
			path = "Preview Content";
			sourceTree = "<group>";
		};
/* End PBXGroup section */

/* Begin PBXNativeTarget section */
		7F8780812C5D7CAF00B12A36 /* BookListener */ = {
			isa = PBXNativeTarget;
			buildConfigurationList = 7F8780A62C5D7CB100B12A36 /* Build configuration list for PBXNativeTarget "BookListener" */;
			buildPhases = (
				7F87807E2C5D7CAF00B12A36 /* Sources */,
				7F87807F2C5D7CAF00B12A36 /* Frameworks */,
				7F8780802C5D7CAF00B12A36 /* Resources */,
			);
			buildRules = (
			);
			dependencies = (
			);
			name = BookListener;
			productName = BookListener;
			productReference = 7F8780822C5D7CAF00B12A36 /* BookListener.app */;
			productType = "com.apple.product-type.application";
		};
		7F8780912C5D7CB100B12A36 /* BookListenerTests */ = {
			isa = PBXNativeTarget;
			buildConfigurationList = 7F8780A92C5D7CB100B12A36 /* Build configuration list for PBXNativeTarget "BookListenerTests" */;
			buildPhases = (
				7F87808E2C5D7CB100B12A36 /* Sources */,
				7F87808F2C5D7CB100B12A36 /* Frameworks */,
				7F8780902C5D7CB100B12A36 /* Resources */,
			);
			buildRules = (
			);
			dependencies = (
				7F8780942C5D7CB100B12A36 /* PBXTargetDependency */,
			);
			name = BookListenerTests;
			productName = BookListenerTests;
			productReference = 7F8780922C5D7CB100B12A36 /* BookListenerTests.xctest */;
			productType = "com.apple.product-type.bundle.unit-test";
		};
		7F87809B2C5D7CB100B12A36 /* BookListenerUITests */ = {
			isa = PBXNativeTarget;
			buildConfigurationList = 7F8780AC2C5D7CB100B12A36 /* Build configuration list for PBXNativeTarget "BookListenerUITests" */;
			buildPhases = (
				7F8780982C5D7CB100B12A36 /* Sources */,
				7F8780992C5D7CB100B12A36 /* Frameworks */,
				7F87809A2C5D7CB100B12A36 /* Resources */,
			);
			buildRules = (
			);
			dependencies = (
				7F87809E2C5D7CB100B12A36 /* PBXTargetDependency */,
			);
			name = BookListenerUITests;
			productName = BookListenerUITests;
			productReference = 7F87809C2C5D7CB100B12A36 /* BookListenerUITests.xctest */;
			productType = "com.apple.product-type.bundle.ui-testing";
		};
/* End PBXNativeTarget section */

/* Begin PBXProject section */
		7F87807A2C5D7CAF00B12A36 /* Project object */ = {
			isa = PBXProject;
			attributes = {
				BuildIndependentTargetsInParallel = 1;
				LastSwiftUpdateCheck = 1540;
				LastUpgradeCheck = 1540;
				TargetAttributes = {
					7F8780812C5D7CAF00B12A36 = {
						CreatedOnToolsVersion = 15.4;
					};
					7F8780912C5D7CB100B12A36 = {
						CreatedOnToolsVersion = 15.4;
						TestTargetID = 7F8780812C5D7CAF00B12A36;
					};
					7F87809B2C5D7CB100B12A36 = {
						CreatedOnToolsVersion = 15.4;
						TestTargetID = 7F8780812C5D7CAF00B12A36;
					};
				};
			};
			buildConfigurationList = 7F87807D2C5D7CAF00B12A36 /* Build configuration list for PBXProject "BookListener" */;
			compatibilityVersion = "Xcode 14.0";
			developmentRegion = en;
			hasScannedForEncodings = 0;
			knownRegions = (
				en,
				Base,
			);
			mainGroup = 7F8780792C5D7CAF00B12A36;
			productRefGroup = 7F8780832C5D7CAF00B12A36 /* Products */;
			projectDirPath = "";
			projectRoot = "";
			targets = (
				7F8780812C5D7CAF00B12A36 /* BookListener */,
				7F8780912C5D7CB100B12A36 /* BookListenerTests */,
				7F87809B2C5D7CB100B12A36 /* BookListenerUITests */,
			);
		};
/* End PBXProject section */

/* Begin PBXResourcesBuildPhase section */
		7F8780802C5D7CAF00B12A36 /* Resources */ = {
			isa = PBXResourcesBuildPhase;
			buildActionMask = 2147483647;
			files = (
				7F87808D2C5D7CB000B12A36 /* Preview Assets.xcassets in Resources */,
				7F87808A2C5D7CB000B12A36 /* Assets.xcassets in Resources */,
			);
			runOnlyForDeploymentPostprocessing = 0;
		};
		7F8780902C5D7CB100B12A36 /* Resources */ = {
			isa = PBXResourcesBuildPhase;
			buildActionMask = 2147483647;
			files = (
			);
			runOnlyForDeploymentPostprocessing = 0;
		};
		7F87809A2C5D7CB100B12A36 /* Resources */ = {
			isa = PBXResourcesBuildPhase;
			buildActionMask = 2147483647;
			files = (
			);
			runOnlyForDeploymentPostprocessing = 0;
		};
/* End PBXResourcesBuildPhase section */

/* Begin PBXSourcesBuildPhase section */
		7F87807E2C5D7CAF00B12A36 /* Sources */ = {
			isa = PBXSourcesBuildPhase;
			buildActionMask = 2147483647;
			files = (
				7F8780882C5D7CAF00B12A36 /* ContentView.swift in Sources */,
				7F8780862C5D7CAF00B12A36 /* BookListenerApp.swift in Sources */,
			);
			runOnlyForDeploymentPostprocessing = 0;
		};
		7F87808E2C5D7CB100B12A36 /* Sources */ = {
			isa = PBXSourcesBuildPhase;
			buildActionMask = 2147483647;
			files = (
			);
			runOnlyForDeploymentPostprocessing = 0;
		};
		7F8780982C5D7CB100B12A36 /* Sources */ = {
			isa = PBXSourcesBuildPhase;
			buildActionMask = 2147483647;
			files = (
			);
			runOnlyForDeploymentPostprocessing = 0;
		};
/* End PBXSourcesBuildPhase section */

/* Begin PBXTargetDependency section */
		7F8780942C5D7CB100B12A36 /* PBXTargetDependency */ = {
			isa = PBXTargetDependency;
			target = 7F8780812C5D7CAF00B12A36 /* BookListener */;
			targetProxy = 7F8780932C5D7CB100B12A36 /* PBXContainerItemProxy */;
		};
		7F87809E2C5D7CB100B12A36 /* PBXTargetDependency */ = {
			isa = PBXTargetDependency;
			target = 7F8780812C5D7CAF00B12A36 /* BookListener */;
			targetProxy = 7F87809D2C5D7CB100B12A36 /* PBXContainerItemProxy */;
		};
/* End PBXTargetDependency section */

/* Begin XCBuildConfiguration section */
		7F8780A42C5D7CB100B12A36 /* Debug */ = {
			isa = XCBuildConfiguration;
			buildSettings = {
				ALWAYS_SEARCH_USER_PATHS = NO;
				ASSETCATALOG_COMPILER_GENERATE_SWIFT_ASSET_SYMBOL_EXTENSIONS = YES;
				CLANG_ANALYZER_NONNULL = YES;
				CLANG_ANALYZER_NUMBER_OBJECT_CONVERSION = YES_AGGRESSIVE;
				CLANG_CXX_LANGUAGE_STANDARD = "gnu++20";
				CLANG_ENABLE_MODULES = YES;
				CLANG_ENABLE_OBJC_ARC = YES;
				CLANG_ENABLE_OBJC_WEAK = YES;
				CLANG_WARN_BLOCK_CAPTURE_AUTORELEASING = YES;
				CLANG_WARN_BOOL_CONVERSION = YES;
				CLANG_WARN_COMMA = YES;
				CLANG_WARN_CONSTANT_CONVERSION = YES;
				CLANG_WARN_DEPRECATED_OBJC_IMPLEMENTATIONS = YES;
				CLANG_WARN_DIRECT_OBJC_ISA_USAGE = YES_ERROR;
				CLANG_WARN_DOCUMENTATION_COMMENTS = YES;
				CLANG_WARN_EMPTY_BODY = YES;
				CLANG_WARN_ENUM_CONVERSION = YES;
				CLANG_WARN_INFINITE_RECURSION = YES;
				CLANG_WARN_INT_CONVERSION = YES;
				CLANG_WARN_NON_LITERAL_NULL_CONVERSION = YES;
				CLANG_WARN_OBJC_IMPLICIT_RETAIN_SELF = YES;
				CLANG_WARN_OBJC_LITERAL_CONVERSION = YES;
				CLANG_WARN_OBJC_ROOT_CLASS = YES_ERROR;
				CLANG_WARN_QUOTED_INCLUDE_IN_FRAMEWORK_HEADER = YES;
				CLANG_WARN_RANGE_LOOP_ANALYSIS = YES;
				CLANG_WARN_STRICT_PROTOTYPES = YES;
				CLANG_WARN_SUSPICIOUS_MOVE = YES;
				CLANG_WARN_UNGUARDED_AVAILABILITY = YES_AGGRESSIVE;
				CLANG_WARN_UNREACHABLE_CODE = YES;
				CLANG_WARN__DUPLICATE_METHOD_MATCH = YES;
				COPY_PHASE_STRIP = NO;
				DEBUG_INFORMATION_FORMAT = dwarf;
				ENABLE_STRICT_OBJC_MSGSEND = YES;
				ENABLE_TESTABILITY = YES;
				ENABLE_USER_SCRIPT_SANDBOXING = YES;
				GCC_C_LANGUAGE_STANDARD = gnu17;
				GCC_DYNAMIC_NO_PIC = NO;
				GCC_NO_COMMON_BLOCKS = YES;
				GCC_OPTIMIZATION_LEVEL = 0;
				GCC_PREPROCESSOR_DEFINITIONS = (
					"DEBUG=1",
					"$(inherited)",
				);
				GCC_WARN_64_TO_32_BIT_CONVERSION = YES;
				GCC_WARN_ABOUT_RETURN_TYPE = YES_ERROR;
				GCC_WARN_UNDECLARED_SELECTOR = YES;
				GCC_WARN_UNINITIALIZED_AUTOS = YES_AGGRESSIVE;
				GCC_WARN_UNUSED_FUNCTION = YES;
				GCC_WARN_UNUSED_VARIABLE = YES;
				IPHONEOS_DEPLOYMENT_TARGET = 17.5;
				LOCALIZATION_PREFERS_STRING_CATALOGS = YES;
				MTL_ENABLE_DEBUG_INFO = INCLUDE_SOURCE;
				MTL_FAST_MATH = YES;
				ONLY_ACTIVE_ARCH = YES;
				SDKROOT = iphoneos;
				SWIFT_ACTIVE_COMPILATION_CONDITIONS = "DEBUG $(inherited)";
				SWIFT_OPTIMIZATION_LEVEL = "-Onone";
			};
			name = Debug;
		};
		7F8780A52C5D7CB100B12A36 /* Release */ = {
			isa = XCBuildConfiguration;
			buildSettings = {
				ALWAYS_SEARCH_USER_PATHS = NO;
				ASSETCATALOG_COMPILER_GENERATE_SWIFT_ASSET_SYMBOL_EXTENSIONS = YES;
				CLANG_ANALYZER_NONNULL = YES;
				CLANG_ANALYZER_NUMBER_OBJECT_CONVERSION = YES_AGGRESSIVE;
				CLANG_CXX_LANGUAGE_STANDARD = "gnu++20";
				CLANG_ENABLE_MODULES = YES;
				CLANG_ENABLE_OBJC_ARC = YES;
				CLANG_ENABLE_OBJC_WEAK = YES;
				CLANG_WARN_BLOCK_CAPTURE_AUTORELEASING = YES;
				CLANG_WARN_BOOL_CONVERSION = YES;
				CLANG_WARN_COMMA = YES;
				CLANG_WARN_CONSTANT_CONVERSION = YES;
				CLANG_WARN_DEPRECATED_OBJC_IMPLEMENTATIONS = YES;
				CLANG_WARN_DIRECT_OBJC_ISA_USAGE = YES_ERROR;
				CLANG_WARN_DOCUMENTATION_COMMENTS = YES;
				CLANG_WARN_EMPTY_BODY = YES;
				CLANG_WARN_ENUM_CONVERSION = YES;
				CLANG_WARN_INFINITE_RECURSION = YES;
				CLANG_WARN_INT_CONVERSION = YES;
				CLANG_WARN_NON_LITERAL_NULL_CONVERSION = YES;
				CLANG_WARN_OBJC_IMPLICIT_RETAIN_SELF = YES;
				CLANG_WARN_OBJC_LITERAL_CONVERSION = YES;
				CLANG_WARN_OBJC_ROOT_CLASS = YES_ERROR;
				CLANG_WARN_QUOTED_INCLUDE_IN_FRAMEWORK_HEADER = YES;
				CLANG_WARN_RANGE_LOOP_ANALYSIS = YES;
				CLANG_WARN_STRICT_PROTOTYPES = YES;
				CLANG_WARN_SUSPICIOUS_MOVE = YES;
				CLANG_WARN_UNGUARDED_AVAILABILITY = YES_AGGRESSIVE;
				CLANG_WARN_UNREACHABLE_CODE = YES;
				CLANG_WARN__DUPLICATE_METHOD_MATCH = YES;
				COPY_PHASE_STRIP = NO;
				DEBUG_INFORMATION_FORMAT = "dwarf-with-dsym";
				ENABLE_NS_ASSERTIONS = NO;
				ENABLE_STRICT_OBJC_MSGSEND = YES;
				ENABLE_USER_SCRIPT_SANDBOXING = YES;
				GCC_C_LANGUAGE_STANDARD = gnu17;
				GCC_NO_COMMON_BLOCKS = YES;
				GCC_WARN_64_TO_32_BIT_CONVERSION = YES;
				GCC_WARN_ABOUT_RETURN_TYPE = YES_ERROR;
				GCC_WARN_UNDECLARED_SELECTOR = YES;
				GCC_WARN_UNINITIALIZED_AUTOS = YES_AGGRESSIVE;
				GCC_WARN_UNUSED_FUNCTION = YES;
				GCC_WARN_UNUSED_VARIABLE = YES;
				IPHONEOS_DEPLOYMENT_TARGET = 17.5;
				LOCALIZATION_PREFERS_STRING_CATALOGS = YES;
				MTL_ENABLE_DEBUG_INFO = NO;
				MTL_FAST_MATH = YES;
				SDKROOT = iphoneos;
				SWIFT_COMPILATION_MODE = wholemodule;
				VALIDATE_PRODUCT = YES;
			};
			name = Release;
		};
		7F8780A72C5D7CB100B12A36 /* Debug */ = {
			isa = XCBuildConfiguration;
			buildSettings = {
				ASSETCATALOG_COMPILER_APPICON_NAME = AppIcon;
				ASSETCATALOG_COMPILER_GLOBAL_ACCENT_COLOR_NAME = AccentColor;
				CODE_SIGN_STYLE = Automatic;
				CURRENT_PROJECT_VERSION = 1;
				DEVELOPMENT_ASSET_PATHS = "\"BookListener/Preview Content\"";
				DEVELOPMENT_TEAM = S7242VTUBZ;
				ENABLE_PREVIEWS = YES;
				GENERATE_INFOPLIST_FILE = YES;
				INFOPLIST_KEY_UIApplicationSceneManifest_Generation = YES;
				INFOPLIST_KEY_UIApplicationSupportsIndirectInputEvents = YES;
				INFOPLIST_KEY_UILaunchScreen_Generation = YES;
				INFOPLIST_KEY_UISupportedInterfaceOrientations_iPad = "UIInterfaceOrientationPortrait UIInterfaceOrientationPortraitUpsideDown UIInterfaceOrientationLandscapeLeft UIInterfaceOrientationLandscapeRight";
				INFOPLIST_KEY_UISupportedInterfaceOrientations_iPhone = "UIInterfaceOrientationPortrait UIInterfaceOrientationLandscapeLeft UIInterfaceOrientationLandscapeRight";
				LD_RUNPATH_SEARCH_PATHS = (
					"$(inherited)",
					"@executable_path/Frameworks",
				);
				MARKETING_VERSION = 1.0;
				PRODUCT_BUNDLE_IDENTIFIER = com.konstantin.bezzemelnyi.BookListener;
				PRODUCT_NAME = "$(TARGET_NAME)";
				SWIFT_EMIT_LOC_STRINGS = YES;
				SWIFT_VERSION = 5.0;
				TARGETED_DEVICE_FAMILY = "1,2";
			};
			name = Debug;
		};
		7F8780A82C5D7CB100B12A36 /* Release */ = {
			isa = XCBuildConfiguration;
			buildSettings = {
				ASSETCATALOG_COMPILER_APPICON_NAME = AppIcon;
				ASSETCATALOG_COMPILER_GLOBAL_ACCENT_COLOR_NAME = AccentColor;
				CODE_SIGN_STYLE = Automatic;
				CURRENT_PROJECT_VERSION = 1;
				DEVELOPMENT_ASSET_PATHS = "\"BookListener/Preview Content\"";
				DEVELOPMENT_TEAM = S7242VTUBZ;
				ENABLE_PREVIEWS = YES;
				GENERATE_INFOPLIST_FILE = YES;
				INFOPLIST_KEY_UIApplicationSceneManifest_Generation = YES;
				INFOPLIST_KEY_UIApplicationSupportsIndirectInputEvents = YES;
				INFOPLIST_KEY_UILaunchScreen_Generation = YES;
				INFOPLIST_KEY_UISupportedInterfaceOrientations_iPad = "UIInterfaceOrientationPortrait UIInterfaceOrientationPortraitUpsideDown UIInterfaceOrientationLandscapeLeft UIInterfaceOrientationLandscapeRight";
				INFOPLIST_KEY_UISupportedInterfaceOrientations_iPhone = "UIInterfaceOrientationPortrait UIInterfaceOrientationLandscapeLeft UIInterfaceOrientationLandscapeRight";
				LD_RUNPATH_SEARCH_PATHS = (
					"$(inherited)",
					"@executable_path/Frameworks",
				);
				MARKETING_VERSION = 1.0;
				PRODUCT_BUNDLE_IDENTIFIER = com.konstantin.bezzemelnyi.BookListener;
				PRODUCT_NAME = "$(TARGET_NAME)";
				SWIFT_EMIT_LOC_STRINGS = YES;
				SWIFT_VERSION = 5.0;
				TARGETED_DEVICE_FAMILY = "1,2";
			};
			name = Release;
		};
		7F8780AA2C5D7CB100B12A36 /* Debug */ = {
			isa = XCBuildConfiguration;
			buildSettings = {
				ALWAYS_EMBED_SWIFT_STANDARD_LIBRARIES = YES;
				BUNDLE_LOADER = "$(TEST_HOST)";
				CODE_SIGN_STYLE = Automatic;
				CURRENT_PROJECT_VERSION = 1;
				DEVELOPMENT_TEAM = S7242VTUBZ;
				GENERATE_INFOPLIST_FILE = YES;
				IPHONEOS_DEPLOYMENT_TARGET = 17.5;
				MARKETING_VERSION = 1.0;
				PRODUCT_BUNDLE_IDENTIFIER = com.konstantin.bezzemelnyi.BookListenerTests;
				PRODUCT_NAME = "$(TARGET_NAME)";
				SWIFT_EMIT_LOC_STRINGS = NO;
				SWIFT_VERSION = 5.0;
				TARGETED_DEVICE_FAMILY = "1,2";
				TEST_HOST = "$(BUILT_PRODUCTS_DIR)/BookListener.app/$(BUNDLE_EXECUTABLE_FOLDER_PATH)/BookListener";
			};
			name = Debug;
		};
		7F8780AB2C5D7CB100B12A36 /* Release */ = {
			isa = XCBuildConfiguration;
			buildSettings = {
				ALWAYS_EMBED_SWIFT_STANDARD_LIBRARIES = YES;
				BUNDLE_LOADER = "$(TEST_HOST)";
				CODE_SIGN_STYLE = Automatic;
				CURRENT_PROJECT_VERSION = 1;
				DEVELOPMENT_TEAM = S7242VTUBZ;
				GENERATE_INFOPLIST_FILE = YES;
				IPHONEOS_DEPLOYMENT_TARGET = 17.5;
				MARKETING_VERSION = 1.0;
				PRODUCT_BUNDLE_IDENTIFIER = com.konstantin.bezzemelnyi.BookListenerTests;
				PRODUCT_NAME = "$(TARGET_NAME)";
				SWIFT_EMIT_LOC_STRINGS = NO;
				SWIFT_VERSION = 5.0;
				TARGETED_DEVICE_FAMILY = "1,2";
				TEST_HOST = "$(BUILT_PRODUCTS_DIR)/BookListener.app/$(BUNDLE_EXECUTABLE_FOLDER_PATH)/BookListener";
			};
			name = Release;
		};
		7F8780AD2C5D7CB100B12A36 /* Debug */ = {
			isa = XCBuildConfiguration;
			buildSettings = {
				ALWAYS_EMBED_SWIFT_STANDARD_LIBRARIES = YES;
				CODE_SIGN_STYLE = Automatic;
				CURRENT_PROJECT_VERSION = 1;
				DEVELOPMENT_TEAM = S7242VTUBZ;
				GENERATE_INFOPLIST_FILE = YES;
				MARKETING_VERSION = 1.0;
				PRODUCT_BUNDLE_IDENTIFIER = com.konstantin.bezzemelnyi.BookListenerUITests;
				PRODUCT_NAME = "$(TARGET_NAME)";
				SWIFT_EMIT_LOC_STRINGS = NO;
				SWIFT_VERSION = 5.0;
				TARGETED_DEVICE_FAMILY = "1,2";
				TEST_TARGET_NAME = BookListener;
			};
			name = Debug;
		};
		7F8780AE2C5D7CB100B12A36 /* Release */ = {
			isa = XCBuildConfiguration;
			buildSettings = {
				ALWAYS_EMBED_SWIFT_STANDARD_LIBRARIES = YES;
				CODE_SIGN_STYLE = Automatic;
				CURRENT_PROJECT_VERSION = 1;
				DEVELOPMENT_TEAM = S7242VTUBZ;
				GENERATE_INFOPLIST_FILE = YES;
				MARKETING_VERSION = 1.0;
				PRODUCT_BUNDLE_IDENTIFIER = com.konstantin.bezzemelnyi.BookListenerUITests;
				PRODUCT_NAME = "$(TARGET_NAME)";
				SWIFT_EMIT_LOC_STRINGS = NO;
				SWIFT_VERSION = 5.0;
				TARGETED_DEVICE_FAMILY = "1,2";
				TEST_TARGET_NAME = BookListener;
			};
			name = Release;
		};
/* End XCBuildConfiguration section */

/* Begin XCConfigurationList section */
		7F87807D2C5D7CAF00B12A36 /* Build configuration list for PBXProject "BookListener" */ = {
			isa = XCConfigurationList;
			buildConfigurations = (
				7F8780A42C5D7CB100B12A36 /* Debug */,
				7F8780A52C5D7CB100B12A36 /* Release */,
			);
			defaultConfigurationIsVisible = 0;
			defaultConfigurationName = Release;
		};
		7F8780A62C5D7CB100B12A36 /* Build configuration list for PBXNativeTarget "BookListener" */ = {
			isa = XCConfigurationList;
			buildConfigurations = (
				7F8780A72C5D7CB100B12A36 /* Debug */,
				7F8780A82C5D7CB100B12A36 /* Release */,
			);
			defaultConfigurationIsVisible = 0;
			defaultConfigurationName = Release;
		};
		7F8780A92C5D7CB100B12A36 /* Build configuration list for PBXNativeTarget "BookListenerTests" */ = {
			isa = XCConfigurationList;
			buildConfigurations = (
				7F8780AA2C5D7CB100B12A36 /* Debug */,
				7F8780AB2C5D7CB100B12A36 /* Release */,
			);
			defaultConfigurationIsVisible = 0;
			defaultConfigurationName = Release;
		};
		7F8780AC2C5D7CB100B12A36 /* Build configuration list for PBXNativeTarget "BookListenerUITests" */ = {
			isa = XCConfigurationList;
			buildConfigurations = (
				7F8780AD2C5D7CB100B12A36 /* Debug */,
				7F8780AE2C5D7CB100B12A36 /* Release */,
			);
			defaultConfigurationIsVisible = 0;
			defaultConfigurationName = Release;
		};
/* End XCConfigurationList section */
	};
	rootObject = 7F87807A2C5D7CAF00B12A36 /* Project object */;
}
